{
  "object": {
    "pins": [
      {
        "package": "CDecNumber",
        "repositoryURL": "https://github.com/mgriebling/CDecNumber.git",
        "state": {
          "branch": null,
          "revision": "6d21c4683130a05ae1a23399b4bc9bb2ac70d995",
          "version": "0.2.1"
        }
      },
      {
        "package": "swift-numerics",
        "repositoryURL": "https://github.com/apple/swift-numerics.git",
        "state": {
          "branch": null,
          "revision": "0a5bc04095a675662cf24757cc0640aa2204253b",
          "version": "1.0.2"
        }
      }
    ]
  },
  "version": 1
}
